
Microsoft Visual Studio Solution File, Format Version 12.00
# Visual Studio 14
VisualStudioVersion = 14.0.23107.0
MinimumVisualStudioVersion = 10.0.40219.1
Project("{FAE04EC0-301F-11D3-BF4B-00C04F79EFBC}") = "StepMail", "StepMail\StepMail.csproj", "{F55350AF-9930-460A-B038-132EB23B74B9}"
EndProject
Project("{FAE04EC0-301F-11D3-BF4B-00C04F79EFBC}") = "StepMailTests", "StepMailTests\StepMailTests.csproj", "{67024A43-BB1D-418C-8C3B-F1F46A19A91D}"
EndProject
Global
	GlobalSection(SolutionConfigurationPlatforms) = preSolution
		Debug|Any CPU = Debug|Any CPU
		Release|Any CPU = Release|Any CPU
	EndGlobalSection
	GlobalSection(ProjectConfigurationPlatforms) = postSolution
		{F55350AF-9930-460A-B038-132EB23B74B9}.Debug|Any CPU.ActiveCfg = Debug|Any CPU
		{F55350AF-9930-460A-B038-132EB23B74B9}.Debug|Any CPU.Build.0 = Debug|Any CPU
		{F55350AF-9930-460A-B038-132EB23B74B9}.Release|Any CPU.ActiveCfg = Release|Any CPU
		{F55350AF-9930-460A-B038-132EB23B74B9}.Release|Any CPU.Build.0 = Release|Any CPU
		{67024A43-BB1D-418C-8C3B-F1F46A19A91D}.Debug|Any CPU.ActiveCfg = Debug|Any CPU
		{67024A43-BB1D-418C-8C3B-F1F46A19A91D}.Debug|Any CPU.Build.0 = Debug|Any CPU
		{67024A43-BB1D-418C-8C3B-F1F46A19A91D}.Release|Any CPU.ActiveCfg = Release|Any CPU
		{67024A43-BB1D-418C-8C3B-F1F46A19A91D}.Release|Any CPU.Build.0 = Release|Any CPU
	EndGlobalSection
	GlobalSection(SolutionProperties) = preSolution
		HideSolutionNode = FALSE
	EndGlobalSection
EndGlobal
